
Microsoft Visual Studio Solution File, Format Version 12.00
# Visual Studio Version 17
VisualStudioVersion = 17.8.34525.116
MinimumVisualStudioVersion = 10.0.40219.1
Project("{9A19103F-16F7-4668-BE54-9A1E7A4F7556}") = "AA_Backend", "AA_Backend\AA_Backend.csproj", "{4346BB14-8D02-436A-AF0A-F1D4D4279EE2}"
EndProject
Global
	GlobalSection(SolutionConfigurationPlatforms) = preSolution
		Debug|Any CPU = Debug|Any CPU
		Release|Any CPU = Release|Any CPU
	EndGlobalSection
	GlobalSection(ProjectConfigurationPlatforms) = postSolution
		{4346BB14-8D02-436A-AF0A-F1D4D4279EE2}.Debug|Any CPU.ActiveCfg = Debug|Any CPU
		{4346BB14-8D02-436A-AF0A-F1D4D4279EE2}.Debug|Any CPU.Build.0 = Debug|Any CPU
		{4346BB14-8D02-436A-AF0A-F1D4D4279EE2}.Release|Any CPU.ActiveCfg = Release|Any CPU
		{4346BB14-8D02-436A-AF0A-F1D4D4279EE2}.Release|Any CPU.Build.0 = Release|Any CPU
	EndGlobalSection
	GlobalSection(SolutionProperties) = preSolution
		HideSolutionNode = FALSE
	EndGlobalSection
	GlobalSection(ExtensibilityGlobals) = postSolution
		SolutionGuid = {5DE36DE0-CBF6-4B83-B387-89DC4A25FB6D}
	EndGlobalSection
EndGlobal
